{
  "version": 4,
  "terraform_version": "1.14.7",
  "serial": 16,
  "lineage": "8cadf9e1-9afd-ce4f-3df3-6ca0b69be867",
  "outputs": {
    "ec2_public_ip": {
      "value": "3.89.39.140",
      "type": "string"
    },
    "ecr_repository_url": {
      "value": "726030660687.dkr.ecr.us-east-1.amazonaws.com/medical-chatbot",
      "type": "string"
    }
  },
  "resources": [
    {
      "mode": "managed",
      "type": "aws_key_pair",
      "name": "medicalbot_key",
      "provider": "provider[\"registry.terraform.io/hashicorp/aws\"]",
      "instances": [
        {
          "schema_version": 1,
          "attributes": {
            "arn": "arn:aws:ec2:us-east-1:726030660687:key-pair/medicalbot-key",
            "fingerprint": "12:b7:fc:23:89:d8:bf:c6:b4:c6:e7:1c:76:94:b7:53",
            "id": "medicalbot-key",
            "key_name": "medicalbot-key",
            "key_name_prefix": "",
            "key_pair_id": "key-0224027e5ba7cf18c",
            "key_type": "rsa",
            "public_key": "ssh-rsa AAAAB3NzaC1yc2EAAAADAQABAAACAQChDYFUom2MSzfUBPuvEG5+b/vra487aKcklMJ+iuzd21KvtM7EycTBBr02oPuH9I54Ts+K9s6U0N4necY3G0DCuqYqh65Pz4Bk7VmvFGzOblzmj8dhY3FRtUlta4symCMqgbemFNkN6Va9OmUKrt+AIZ8+wz32Y+DsXTcqTRLdpSNRb+tclRN2zrUhdKmpaDaHct6JLjNLn65H4akIu8AQFUvJq0rYUq+NYoibI8KeIaUY+fWoEgVcNszMFpY3aSN6lpaLya0MlO4iroyhrhtjgky1Tdtmp6xPnmaL5URx4SoC5NFs6Hr6B15kD96QYOuRi+ENhd042962nB8iYOClzzUk7d1CPdpfrLTmz/wfWFotRnqaruJ9pF+RhBS2jiyezczrR0klGbQ5EdrPriXPaAN4wwq+5xF9gOjAWZ4bYnANY8BsSHhxvG+pONabOwo7Dm95hleEfyoePrPduslXv6sUfaJKaZKVr/pF1qXzSRn91iEOTljdp7ByfSx1hH6pnDgNJAub9UJ3a3rhU0/aO+E0Wnv0TBI8A7s3Rke9s3V4nDfZFsK+gJZnct4HvKNRNM+vOpdXofd+NQ8eMmrSnh6R6aYk0eFNsFEpGQxETstybXpz3gPRIQfz2O+y1SdeZk+8fH+2L+vPMmXxrxTwVAXPUMlxPjq1buRBMqdcSQ== steven@Steven",
            "tags": {},
            "tags_all": {}
          },
          "sensitive_attributes": [],
          "identity_schema_version": 0,
          "private": "eyJzY2hlbWFfdmVyc2lvbiI6IjEifQ=="
        }
      ]
    },
    {
      "mode": "managed",
      "type": "aws_security_group",
      "name": "medicalbot_sg",
      "provider": "provider[\"registry.terraform.io/hashicorp/aws\"]",
      "instances": [
        {
          "schema_version": 1,
          "attributes": {
            "arn": "arn:aws:ec2:us-east-1:726030660687:security-group/sg-0419887400bf0d895",
            "description": "Security group for medical chatbot",
            "egress": [
              {
                "cidr_blocks": [
                  "0.0.0.0/0"
                ],
                "description": "",
                "from_port": 0,
                "ipv6_cidr_blocks": [],
                "prefix_list_ids": [],
                "protocol": "-1",
                "security_groups": [],
                "self": false,
                "to_port": 0
              }
            ],
            "id": "sg-0419887400bf0d895",
            "ingress": [
              {
                "cidr_blocks": [
                  "0.0.0.0/0"
                ],
                "description": "",
                "from_port": 80,
                "ipv6_cidr_blocks": [],
                "prefix_list_ids": [],
                "protocol": "tcp",
                "security_groups": [],
                "self": false,
                "to_port": 80
              },
              {
                "cidr_blocks": [
                  "0.0.0.0/0"
                ],
                "description": null,
                "from_port": 22,
                "ipv6_cidr_blocks": [],
                "prefix_list_ids": [],
                "protocol": "tcp",
                "security_groups": [],
                "self": false,
                "to_port": 22
              },
              {
                "cidr_blocks": [
                  "0.0.0.0/0"
                ],
                "description": null,
                "from_port": 8000,
                "ipv6_cidr_blocks": [],
                "prefix_list_ids": [],
                "protocol": "tcp",
                "security_groups": [],
                "self": false,
                "to_port": 8000
              }
            ],
            "name": "medicalbot-sg",
            "name_prefix": "",
            "owner_id": "726030660687",
            "revoke_rules_on_delete": false,
            "tags": {},
            "tags_all": {},
            "timeouts": null,
            "vpc_id": "vpc-083ad8c85e4a3e69e"
          },
          "sensitive_attributes": [],
          "identity_schema_version": 0,
          "private": "eyJlMmJmYjczMC1lY2FhLTExZTYtOGY4OC0zNDM2M2JjN2M0YzAiOnsiY3JlYXRlIjo2MDAwMDAwMDAwMDAsImRlbGV0ZSI6OTAwMDAwMDAwMDAwfSwic2NoZW1hX3ZlcnNpb24iOiIxIn0="
        }
      ]
    }
  ],
  "check_results": null
}
